// !$*UTF8*$!
{
	archiveVersion = 1;
	classes = {
	};
	objectVersion = 77;
	objects = {

/* Begin PBXContainerItemProxy section */
		24F0A3E72D86F67E004FC503 /* PBXContainerItemProxy */ = {
			isa = PBXContainerItemProxy;
			containerPortal = 24F0A3CC2D86F67C004FC503 /* Project object */;
			proxyType = 1;
			remoteGlobalIDString = 24F0A3D32D86F67C004FC503;
			remoteInfo = "ios-app-preview";
		};
		24F0A3F12D86F67E004FC503 /* PBXContainerItemProxy */ = {
			isa = PBXContainerItemProxy;
			containerPortal = 24F0A3CC2D86F67C004FC503 /* Project object */;
			proxyType = 1;
			remoteGlobalIDString = 24F0A3D32D86F67C004FC503;
			remoteInfo = "ios-app-preview";
		};
/* End PBXContainerItemProxy section */

/* Begin PBXFileReference section */
		24F0A3D42D86F67C004FC503 /* ios-app-preview.app */ = {isa = PBXFileReference; explicitFileType = wrapper.application; includeInIndex = 0; path = "ios-app-preview.app"; sourceTree = BUILT_PRODUCTS_DIR; };
		24F0A3E62D86F67E004FC503 /* ios-app-previewTests.xctest */ = {isa = PBXFileReference; explicitFileType = wrapper.cfbundle; includeInIndex = 0; path = "ios-app-previewTests.xctest"; sourceTree = BUILT_PRODUCTS_DIR; };
		24F0A3F02D86F67E004FC503 /* ios-app-previewUITests.xctest */ = {isa = PBXFileReference; explicitFileType = wrapper.cfbundle; includeInIndex = 0; path = "ios-app-previewUITests.xctest"; sourceTree = BUILT_PRODUCTS_DIR; };
/* End PBXFileReference section */

/* Begin PBXFileSystemSynchronizedBuildFileExceptionSet section */
		24F0A42C2D87E0B3004FC503 /* Exceptions for "ios-app-preview" folder in "ios-app-previewTests" target */ = {
			isa = PBXFileSystemSynchronizedBuildFileExceptionSet;
			membershipExceptions = (
				"Preview Content/New Folder/Poppins-Black.ttf",
				"Preview Content/New Folder/Poppins-BlackItalic.ttf",
				"Preview Content/New Folder/Poppins-Bold.ttf",
				"Preview Content/New Folder/Poppins-BoldItalic.ttf",
				"Preview Content/New Folder/Poppins-ExtraBold.ttf",
				"Preview Content/New Folder/Poppins-ExtraBoldItalic.ttf",
				"Preview Content/New Folder/Poppins-ExtraLight.ttf",
				"Preview Content/New Folder/Poppins-ExtraLightItalic.ttf",
				"Preview Content/New Folder/Poppins-Italic.ttf",
				"Preview Content/New Folder/Poppins-Light.ttf",
			);
			target = 24F0A3E52D86F67E004FC503 /* ios-app-previewTests */;
		};
		24F0A42D2D87E0B3004FC503 /* Exceptions for "ios-app-preview" folder in "ios-app-previewUITests" target */ = {
			isa = PBXFileSystemSynchronizedBuildFileExceptionSet;
			membershipExceptions = (
				"Preview Content/New Folder/Poppins-Black.ttf",
				"Preview Content/New Folder/Poppins-BlackItalic.ttf",
				"Preview Content/New Folder/Poppins-Bold.ttf",
				"Preview Content/New Folder/Poppins-BoldItalic.ttf",
				"Preview Content/New Folder/Poppins-ExtraBold.ttf",
				"Preview Content/New Folder/Poppins-ExtraBoldItalic.ttf",
				"Preview Content/New Folder/Poppins-ExtraLight.ttf",
				"Preview Content/New Folder/Poppins-ExtraLightItalic.ttf",
				"Preview Content/New Folder/Poppins-Italic.ttf",
				"Preview Content/New Folder/Poppins-Light.ttf",
			);
			target = 24F0A3EF2D86F67E004FC503 /* ios-app-previewUITests */;
		};
/* End PBXFileSystemSynchronizedBuildFileExceptionSet section */

/* Begin PBXFileSystemSynchronizedRootGroup section */
		24F0A3D62D86F67C004FC503 /* ios-app-preview */ = {
			isa = PBXFileSystemSynchronizedRootGroup;
			exceptions = (
				24F0A42C2D87E0B3004FC503 /* Exceptions for "ios-app-preview" folder in "ios-app-previewTests" target */,
				24F0A42D2D87E0B3004FC503 /* Exceptions for "ios-app-preview" folder in "ios-app-previewUITests" target */,
			);
			path = "ios-app-preview";
			sourceTree = "<group>";
		};
		24F0A3E92D86F67E004FC503 /* ios-app-previewTests */ = {
			isa = PBXFileSystemSynchronizedRootGroup;
			path = "ios-app-previewTests";
			sourceTree = "<group>";
		};
		24F0A3F32D86F67E004FC503 /* ios-app-previewUITests */ = {
			isa = PBXFileSystemSynchronizedRootGroup;
			path = "ios-app-previewUITests";
			sourceTree = "<group>";
		};
/* End PBXFileSystemSynchronizedRootGroup section */

/* Begin PBXFrameworksBuildPhase section */
		24F0A3D12D86F67C004FC503 /* Frameworks */ = {
			isa = PBXFrameworksBuildPhase;
			buildActionMask = 2147483647;
			files = (
			);
			runOnlyForDeploymentPostprocessing = 0;
		};
		24F0A3E32D86F67E004FC503 /* Frameworks */ = {
			isa = PBXFrameworksBuildPhase;
			buildActionMask = 2147483647;
			files = (
			);
			runOnlyForDeploymentPostprocessing = 0;
		};
		24F0A3ED2D86F67E004FC503 /* Frameworks */ = {
			isa = PBXFrameworksBuildPhase;
			buildActionMask = 2147483647;
			files = (
			);
			runOnlyForDeploymentPostprocessing = 0;
		};
/* End PBXFrameworksBuildPhase section */

/* Begin PBXGroup section */
		24F0A3CB2D86F67C004FC503 = {
			isa = PBXGroup;
			children = (
				24F0A3D62D86F67C004FC503 /* ios-app-preview */,
				24F0A3E92D86F67E004FC503 /* ios-app-previewTests */,
				24F0A3F32D86F67E004FC503 /* ios-app-previewUITests */,
				24F0A3D52D86F67C004FC503 /* Products */,
			);
			sourceTree = "<group>";
		};
		24F0A3D52D86F67C004FC503 /* Products */ = {
			isa = PBXGroup;
			children = (
				24F0A3D42D86F67C004FC503 /* ios-app-preview.app */,
				24F0A3E62D86F67E004FC503 /* ios-app-previewTests.xctest */,
				24F0A3F02D86F67E004FC503 /* ios-app-previewUITests.xctest */,
			);
			name = Products;
			sourceTree = "<group>";
		};
/* End PBXGroup section */

/* Begin PBXNativeTarget section */
		24F0A3D32D86F67C004FC503 /* ios-app-preview */ = {
			isa = PBXNativeTarget;
			buildConfigurationList = 24F0A3FA2D86F67E004FC503 /* Build configuration list for PBXNativeTarget "ios-app-preview" */;
			buildPhases = (
				24F0A3D02D86F67C004FC503 /* Sources */,
				24F0A3D12D86F67C004FC503 /* Frameworks */,
				24F0A3D22D86F67C004FC503 /* Resources */,
			);
			buildRules = (
			);
			dependencies = (
			);
			fileSystemSynchronizedGroups = (
				24F0A3D62D86F67C004FC503 /* ios-app-preview */,
			);
			name = "ios-app-preview";
			packageProductDependencies = (
			);
			productName = "ios-app-preview";
			productReference = 24F0A3D42D86F67C004FC503 /* ios-app-preview.app */;
			productType = "com.apple.product-type.application";
		};
		24F0A3E52D86F67E004FC503 /* ios-app-previewTests */ = {
			isa = PBXNativeTarget;
			buildConfigurationList = 24F0A3FD2D86F67E004FC503 /* Build configuration list for PBXNativeTarget "ios-app-previewTests" */;
			buildPhases = (
				24F0A3E22D86F67E004FC503 /* Sources */,
				24F0A3E32D86F67E004FC503 /* Frameworks */,
				24F0A3E42D86F67E004FC503 /* Resources */,
			);
			buildRules = (
			);
			dependencies = (
				24F0A3E82D86F67E004FC503 /* PBXTargetDependency */,
			);
			fileSystemSynchronizedGroups = (
				24F0A3E92D86F67E004FC503 /* ios-app-previewTests */,
			);
			name = "ios-app-previewTests";
			packageProductDependencies = (
			);
			productName = "ios-app-previewTests";
			productReference = 24F0A3E62D86F67E004FC503 /* ios-app-previewTests.xctest */;
			productType = "com.apple.product-type.bundle.unit-test";
		};
		24F0A3EF2D86F67E004FC503 /* ios-app-previewUITests */ = {
			isa = PBXNativeTarget;
			buildConfigurationList = 24F0A4002D86F67E004FC503 /* Build configuration list for PBXNativeTarget "ios-app-previewUITests" */;
			buildPhases = (
				24F0A3EC2D86F67E004FC503 /* Sources */,
				24F0A3ED2D86F67E004FC503 /* Frameworks */,
				24F0A3EE2D86F67E004FC503 /* Resources */,
			);
			buildRules = (
			);
			dependencies = (
				24F0A3F22D86F67E004FC503 /* PBXTargetDependency */,
			);
			fileSystemSynchronizedGroups = (
				24F0A3F32D86F67E004FC503 /* ios-app-previewUITests */,
			);
			name = "ios-app-previewUITests";
			packageProductDependencies = (
			);
			productName = "ios-app-previewUITests";
			productReference = 24F0A3F02D86F67E004FC503 /* ios-app-previewUITests.xctest */;
			productType = "com.apple.product-type.bundle.ui-testing";
		};
/* End PBXNativeTarget section */

/* Begin PBXProject section */
		24F0A3CC2D86F67C004FC503 /* Project object */ = {
			isa = PBXProject;
			attributes = {
				BuildIndependentTargetsInParallel = 1;
				LastSwiftUpdateCheck = 1620;
				LastUpgradeCheck = 1620;
				TargetAttributes = {
					24F0A3D32D86F67C004FC503 = {
						CreatedOnToolsVersion = 16.2;
					};
					24F0A3E52D86F67E004FC503 = {
						CreatedOnToolsVersion = 16.2;
						TestTargetID = 24F0A3D32D86F67C004FC503;
					};
					24F0A3EF2D86F67E004FC503 = {
						CreatedOnToolsVersion = 16.2;
						TestTargetID = 24F0A3D32D86F67C004FC503;
					};
				};
			};
			buildConfigurationList = 24F0A3CF2D86F67C004FC503 /* Build configuration list for PBXProject "ios-app-preview" */;
			developmentRegion = en;
			hasScannedForEncodings = 0;
			knownRegions = (
				en,
				Base,
			);
			mainGroup = 24F0A3CB2D86F67C004FC503;
			minimizedProjectReferenceProxies = 1;
			preferredProjectObjectVersion = 77;
			productRefGroup = 24F0A3D52D86F67C004FC503 /* Products */;
			projectDirPath = "";
			projectRoot = "";
			targets = (
				24F0A3D32D86F67C004FC503 /* ios-app-preview */,
				24F0A3E52D86F67E004FC503 /* ios-app-previewTests */,
				24F0A3EF2D86F67E004FC503 /* ios-app-previewUITests */,
			);
		};
/* End PBXProject section */

/* Begin PBXResourcesBuildPhase section */
		24F0A3D22D86F67C004FC503 /* Resources */ = {
			isa = PBXResourcesBuildPhase;
			buildActionMask = 2147483647;
			files = (
			);
			runOnlyForDeploymentPostprocessing = 0;
		};
		24F0A3E42D86F67E004FC503 /* Resources */ = {
			isa = PBXResourcesBuildPhase;
			buildActionMask = 2147483647;
			files = (
			);
			runOnlyForDeploymentPostprocessing = 0;
		};
		24F0A3EE2D86F67E004FC503 /* Resources */ = {
			isa = PBXResourcesBuildPhase;
			buildActionMask = 2147483647;
			files = (
			);
			runOnlyForDeploymentPostprocessing = 0;
		};
/* End PBXResourcesBuildPhase section */

/* Begin PBXSourcesBuildPhase section */
		24F0A3D02D86F67C004FC503 /* Sources */ = {
			isa = PBXSourcesBuildPhase;
			buildActionMask = 2147483647;
			files = (
			);
			runOnlyForDeploymentPostprocessing = 0;
		};
		24F0A3E22D86F67E004FC503 /* Sources */ = {
			isa = PBXSourcesBuildPhase;
			buildActionMask = 2147483647;
			files = (
			);
			runOnlyForDeploymentPostprocessing = 0;
		};
		24F0A3EC2D86F67E004FC503 /* Sources */ = {
			isa = PBXSourcesBuildPhase;
			buildActionMask = 2147483647;
			files = (
			);
			runOnlyForDeploymentPostprocessing = 0;
		};
/* End PBXSourcesBuildPhase section */

/* Begin PBXTargetDependency section */
		24F0A3E82D86F67E004FC503 /* PBXTargetDependency */ = {
			isa = PBXTargetDependency;
			target = 24F0A3D32D86F67C004FC503 /* ios-app-preview */;
			targetProxy = 24F0A3E72D86F67E004FC503 /* PBXContainerItemProxy */;
		};
		24F0A3F22D86F67E004FC503 /* PBXTargetDependency */ = {
			isa = PBXTargetDependency;
			target = 24F0A3D32D86F67C004FC503 /* ios-app-preview */;
			targetProxy = 24F0A3F12D86F67E004FC503 /* PBXContainerItemProxy */;
		};
/* End PBXTargetDependency section */

/* Begin XCBuildConfiguration section */
		24F0A3F82D86F67E004FC503 /* Debug */ = {
			isa = XCBuildConfiguration;
			buildSettings = {
				ALWAYS_SEARCH_USER_PATHS = NO;
				ASSETCATALOG_COMPILER_GENERATE_SWIFT_ASSET_SYMBOL_EXTENSIONS = YES;
				CLANG_ANALYZER_NONNULL = YES;
				CLANG_ANALYZER_NUMBER_OBJECT_CONVERSION = YES_AGGRESSIVE;
				CLANG_CXX_LANGUAGE_STANDARD = "gnu++20";
				CLANG_ENABLE_MODULES = YES;
				CLANG_ENABLE_OBJC_ARC = YES;
				CLANG_ENABLE_OBJC_WEAK = YES;
				CLANG_WARN_BLOCK_CAPTURE_AUTORELEASING = YES;
				CLANG_WARN_BOOL_CONVERSION = YES;
				CLANG_WARN_COMMA = YES;
				CLANG_WARN_CONSTANT_CONVERSION = YES;
				CLANG_WARN_DEPRECATED_OBJC_IMPLEMENTATIONS = YES;
				CLANG_WARN_DIRECT_OBJC_ISA_USAGE = YES_ERROR;
				CLANG_WARN_DOCUMENTATION_COMMENTS = YES;
				CLANG_WARN_EMPTY_BODY = YES;
				CLANG_WARN_ENUM_CONVERSION = YES;
				CLANG_WARN_INFINITE_RECURSION = YES;
				CLANG_WARN_INT_CONVERSION = YES;
				CLANG_WARN_NON_LITERAL_NULL_CONVERSION = YES;
				CLANG_WARN_OBJC_IMPLICIT_RETAIN_SELF = YES;
				CLANG_WARN_OBJC_LITERAL_CONVERSION = YES;
				CLANG_WARN_OBJC_ROOT_CLASS = YES_ERROR;
				CLANG_WARN_QUOTED_INCLUDE_IN_FRAMEWORK_HEADER = YES;
				CLANG_WARN_RANGE_LOOP_ANALYSIS = YES;
				CLANG_WARN_STRICT_PROTOTYPES = YES;
				CLANG_WARN_SUSPICIOUS_MOVE = YES;
				CLANG_WARN_UNGUARDED_AVAILABILITY = YES_AGGRESSIVE;
				CLANG_WARN_UNREACHABLE_CODE = YES;
				CLANG_WARN__DUPLICATE_METHOD_MATCH = YES;
				COPY_PHASE_STRIP = NO;
				DEBUG_INFORMATION_FORMAT = dwarf;
				ENABLE_STRICT_OBJC_MSGSEND = YES;
				ENABLE_TESTABILITY = YES;
				ENABLE_USER_SCRIPT_SANDBOXING = YES;
				GCC_C_LANGUAGE_STANDARD = gnu17;
				GCC_DYNAMIC_NO_PIC = NO;
				GCC_NO_COMMON_BLOCKS = YES;
				GCC_OPTIMIZATION_LEVEL = 0;
				GCC_PREPROCESSOR_DEFINITIONS = (
					"DEBUG=1",
					"$(inherited)",
				);
				GCC_WARN_64_TO_32_BIT_CONVERSION = YES;
				GCC_WARN_ABOUT_RETURN_TYPE = YES_ERROR;
				GCC_WARN_UNDECLARED_SELECTOR = YES;
				GCC_WARN_UNINITIALIZED_AUTOS = YES_AGGRESSIVE;
				GCC_WARN_UNUSED_FUNCTION = YES;
				GCC_WARN_UNUSED_VARIABLE = YES;
				IPHONEOS_DEPLOYMENT_TARGET = 18.2;
				LOCALIZATION_PREFERS_STRING_CATALOGS = YES;
				MTL_ENABLE_DEBUG_INFO = INCLUDE_SOURCE;
				MTL_FAST_MATH = YES;
				ONLY_ACTIVE_ARCH = YES;
				SDKROOT = iphoneos;
				SWIFT_ACTIVE_COMPILATION_CONDITIONS = "DEBUG $(inherited)";
				SWIFT_OPTIMIZATION_LEVEL = "-Onone";
			};
			name = Debug;
		};
		24F0A3F92D86F67E004FC503 /* Release */ = {
			isa = XCBuildConfiguration;
			buildSettings = {
				ALWAYS_SEARCH_USER_PATHS = NO;
				ASSETCATALOG_COMPILER_GENERATE_SWIFT_ASSET_SYMBOL_EXTENSIONS = YES;
				CLANG_ANALYZER_NONNULL = YES;
				CLANG_ANALYZER_NUMBER_OBJECT_CONVERSION = YES_AGGRESSIVE;
				CLANG_CXX_LANGUAGE_STANDARD = "gnu++20";
				CLANG_ENABLE_MODULES = YES;
				CLANG_ENABLE_OBJC_ARC = YES;
				CLANG_ENABLE_OBJC_WEAK = YES;
				CLANG_WARN_BLOCK_CAPTURE_AUTORELEASING = YES;
				CLANG_WARN_BOOL_CONVERSION = YES;
				CLANG_WARN_COMMA = YES;
				CLANG_WARN_CONSTANT_CONVERSION = YES;
				CLANG_WARN_DEPRECATED_OBJC_IMPLEMENTATIONS = YES;
				CLANG_WARN_DIRECT_OBJC_ISA_USAGE = YES_ERROR;
				CLANG_WARN_DOCUMENTATION_COMMENTS = YES;
				CLANG_WARN_EMPTY_BODY = YES;
				CLANG_WARN_ENUM_CONVERSION = YES;
				CLANG_WARN_INFINITE_RECURSION = YES;
				CLANG_WARN_INT_CONVERSION = YES;
				CLANG_WARN_NON_LITERAL_NULL_CONVERSION = YES;
				CLANG_WARN_OBJC_IMPLICIT_RETAIN_SELF = YES;
				CLANG_WARN_OBJC_LITERAL_CONVERSION = YES;
				CLANG_WARN_OBJC_ROOT_CLASS = YES_ERROR;
				CLANG_WARN_QUOTED_INCLUDE_IN_FRAMEWORK_HEADER = YES;
				CLANG_WARN_RANGE_LOOP_ANALYSIS = YES;
				CLANG_WARN_STRICT_PROTOTYPES = YES;
				CLANG_WARN_SUSPICIOUS_MOVE = YES;
				CLANG_WARN_UNGUARDED_AVAILABILITY = YES_AGGRESSIVE;
				CLANG_WARN_UNREACHABLE_CODE = YES;
				CLANG_WARN__DUPLICATE_METHOD_MATCH = YES;
				COPY_PHASE_STRIP = NO;
				DEBUG_INFORMATION_FORMAT = "dwarf-with-dsym";
				ENABLE_NS_ASSERTIONS = NO;
				ENABLE_STRICT_OBJC_MSGSEND = YES;
				ENABLE_USER_SCRIPT_SANDBOXING = YES;
				GCC_C_LANGUAGE_STANDARD = gnu17;
				GCC_NO_COMMON_BLOCKS = YES;
				GCC_WARN_64_TO_32_BIT_CONVERSION = YES;
				GCC_WARN_ABOUT_RETURN_TYPE = YES_ERROR;
				GCC_WARN_UNDECLARED_SELECTOR = YES;
				GCC_WARN_UNINITIALIZED_AUTOS = YES_AGGRESSIVE;
				GCC_WARN_UNUSED_FUNCTION = YES;
				GCC_WARN_UNUSED_VARIABLE = YES;
				IPHONEOS_DEPLOYMENT_TARGET = 18.2;
				LOCALIZATION_PREFERS_STRING_CATALOGS = YES;
				MTL_ENABLE_DEBUG_INFO = NO;
				MTL_FAST_MATH = YES;
				SDKROOT = iphoneos;
				SWIFT_COMPILATION_MODE = wholemodule;
				VALIDATE_PRODUCT = YES;
			};
			name = Release;
		};
		24F0A3FB2D86F67E004FC503 /* Debug */ = {
			isa = XCBuildConfiguration;
			buildSettings = {
				ASSETCATALOG_COMPILER_APPICON_NAME = AppIcon;
				ASSETCATALOG_COMPILER_GLOBAL_ACCENT_COLOR_NAME = AccentColor;
				CODE_SIGN_STYLE = Automatic;
				CURRENT_PROJECT_VERSION = 1;
				DEVELOPMENT_ASSET_PATHS = "\"ios-app-preview/Preview Content\"";
				ENABLE_PREVIEWS = YES;
				GENERATE_INFOPLIST_FILE = YES;
				INFOPLIST_KEY_UIApplicationSceneManifest_Generation = YES;
				INFOPLIST_KEY_UIApplicationSupportsIndirectInputEvents = YES;
				INFOPLIST_KEY_UILaunchScreen_Generation = YES;
				INFOPLIST_KEY_UISupportedInterfaceOrientations_iPad = "UIInterfaceOrientationPortrait UIInterfaceOrientationPortraitUpsideDown UIInterfaceOrientationLandscapeLeft UIInterfaceOrientationLandscapeRight";
				INFOPLIST_KEY_UISupportedInterfaceOrientations_iPhone = "UIInterfaceOrientationPortrait UIInterfaceOrientationLandscapeLeft UIInterfaceOrientationLandscapeRight";
				LD_RUNPATH_SEARCH_PATHS = (
					"$(inherited)",
					"@executable_path/Frameworks",
				);
				MARKETING_VERSION = 1.0;
				PRODUCT_BUNDLE_IDENTIFIER = "none.ios-app-preview";
				PRODUCT_NAME = "$(TARGET_NAME)";
				SWIFT_EMIT_LOC_STRINGS = YES;
				SWIFT_VERSION = 5.0;
				TARGETED_DEVICE_FAMILY = "1,2";
			};
			name = Debug;
		};
		24F0A3FC2D86F67E004FC503 /* Release */ = {
			isa = XCBuildConfiguration;
			buildSettings = {
				ASSETCATALOG_COMPILER_APPICON_NAME = AppIcon;
				ASSETCATALOG_COMPILER_GLOBAL_ACCENT_COLOR_NAME = AccentColor;
				CODE_SIGN_STYLE = Automatic;
				CURRENT_PROJECT_VERSION = 1;
				DEVELOPMENT_ASSET_PATHS = "\"ios-app-preview/Preview Content\"";
				ENABLE_PREVIEWS = YES;
				GENERATE_INFOPLIST_FILE = YES;
				INFOPLIST_KEY_UIApplicationSceneManifest_Generation = YES;
				INFOPLIST_KEY_UIApplicationSupportsIndirectInputEvents = YES;
				INFOPLIST_KEY_UILaunchScreen_Generation = YES;
				INFOPLIST_KEY_UISupportedInterfaceOrientations_iPad = "UIInterfaceOrientationPortrait UIInterfaceOrientationPortraitUpsideDown UIInterfaceOrientationLandscapeLeft UIInterfaceOrientationLandscapeRight";
				INFOPLIST_KEY_UISupportedInterfaceOrientations_iPhone = "UIInterfaceOrientationPortrait UIInterfaceOrientationLandscapeLeft UIInterfaceOrientationLandscapeRight";
				LD_RUNPATH_SEARCH_PATHS = (
					"$(inherited)",
					"@executable_path/Frameworks",
				);
				MARKETING_VERSION = 1.0;
				PRODUCT_BUNDLE_IDENTIFIER = "none.ios-app-preview";
				PRODUCT_NAME = "$(TARGET_NAME)";
				SWIFT_EMIT_LOC_STRINGS = YES;
				SWIFT_VERSION = 5.0;
				TARGETED_DEVICE_FAMILY = "1,2";
			};
			name = Release;
		};
		24F0A3FE2D86F67E004FC503 /* Debug */ = {
			isa = XCBuildConfiguration;
			buildSettings = {
				BUNDLE_LOADER = "$(TEST_HOST)";
				CODE_SIGN_STYLE = Automatic;
				CURRENT_PROJECT_VERSION = 1;
				GENERATE_INFOPLIST_FILE = YES;
				IPHONEOS_DEPLOYMENT_TARGET = 18.2;
				MARKETING_VERSION = 1.0;
				PRODUCT_BUNDLE_IDENTIFIER = "none.ios-app-previewTests";
				PRODUCT_NAME = "$(TARGET_NAME)";
				SWIFT_EMIT_LOC_STRINGS = NO;
				SWIFT_VERSION = 5.0;
				TARGETED_DEVICE_FAMILY = "1,2";
				TEST_HOST = "$(BUILT_PRODUCTS_DIR)/ios-app-preview.app/$(BUNDLE_EXECUTABLE_FOLDER_PATH)/ios-app-preview";
			};
			name = Debug;
		};
		24F0A3FF2D86F67E004FC503 /* Release */ = {
			isa = XCBuildConfiguration;
			buildSettings = {
				BUNDLE_LOADER = "$(TEST_HOST)";
				CODE_SIGN_STYLE = Automatic;
				CURRENT_PROJECT_VERSION = 1;
				GENERATE_INFOPLIST_FILE = YES;
				IPHONEOS_DEPLOYMENT_TARGET = 18.2;
				MARKETING_VERSION = 1.0;
				PRODUCT_BUNDLE_IDENTIFIER = "none.ios-app-previewTests";
				PRODUCT_NAME = "$(TARGET_NAME)";
				SWIFT_EMIT_LOC_STRINGS = NO;
				SWIFT_VERSION = 5.0;
				TARGETED_DEVICE_FAMILY = "1,2";
				TEST_HOST = "$(BUILT_PRODUCTS_DIR)/ios-app-preview.app/$(BUNDLE_EXECUTABLE_FOLDER_PATH)/ios-app-preview";
			};
			name = Release;
		};
		24F0A4012D86F67E004FC503 /* Debug */ = {
			isa = XCBuildConfiguration;
			buildSettings = {
				CODE_SIGN_STYLE = Automatic;
				CURRENT_PROJECT_VERSION = 1;
				GENERATE_INFOPLIST_FILE = YES;
				MARKETING_VERSION = 1.0;
				PRODUCT_BUNDLE_IDENTIFIER = "none.ios-app-previewUITests";
				PRODUCT_NAME = "$(TARGET_NAME)";
				SWIFT_EMIT_LOC_STRINGS = NO;
				SWIFT_VERSION = 5.0;
				TARGETED_DEVICE_FAMILY = "1,2";
				TEST_TARGET_NAME = "ios-app-preview";
			};
			name = Debug;
		};
		24F0A4022D86F67E004FC503 /* Release */ = {
			isa = XCBuildConfiguration;
			buildSettings = {
				CODE_SIGN_STYLE = Automatic;
				CURRENT_PROJECT_VERSION = 1;
				GENERATE_INFOPLIST_FILE = YES;
				MARKETING_VERSION = 1.0;
				PRODUCT_BUNDLE_IDENTIFIER = "none.ios-app-previewUITests";
				PRODUCT_NAME = "$(TARGET_NAME)";
				SWIFT_EMIT_LOC_STRINGS = NO;
				SWIFT_VERSION = 5.0;
				TARGETED_DEVICE_FAMILY = "1,2";
				TEST_TARGET_NAME = "ios-app-preview";
			};
			name = Release;
		};
/* End XCBuildConfiguration section */

/* Begin XCConfigurationList section */
		24F0A3CF2D86F67C004FC503 /* Build configuration list for PBXProject "ios-app-preview" */ = {
			isa = XCConfigurationList;
			buildConfigurations = (
				24F0A3F82D86F67E004FC503 /* Debug */,
				24F0A3F92D86F67E004FC503 /* Release */,
			);
			defaultConfigurationIsVisible = 0;
			defaultConfigurationName = Release;
		};
		24F0A3FA2D86F67E004FC503 /* Build configuration list for PBXNativeTarget "ios-app-preview" */ = {
			isa = XCConfigurationList;
			buildConfigurations = (
				24F0A3FB2D86F67E004FC503 /* Debug */,
				24F0A3FC2D86F67E004FC503 /* Release */,
			);
			defaultConfigurationIsVisible = 0;
			defaultConfigurationName = Release;
		};
		24F0A3FD2D86F67E004FC503 /* Build configuration list for PBXNativeTarget "ios-app-previewTests" */ = {
			isa = XCConfigurationList;
			buildConfigurations = (
				24F0A3FE2D86F67E004FC503 /* Debug */,
				24F0A3FF2D86F67E004FC503 /* Release */,
			);
			defaultConfigurationIsVisible = 0;
			defaultConfigurationName = Release;
		};
		24F0A4002D86F67E004FC503 /* Build configuration list for PBXNativeTarget "ios-app-previewUITests" */ = {
			isa = XCConfigurationList;
			buildConfigurations = (
				24F0A4012D86F67E004FC503 /* Debug */,
				24F0A4022D86F67E004FC503 /* Release */,
			);
			defaultConfigurationIsVisible = 0;
			defaultConfigurationName = Release;
		};
/* End XCConfigurationList section */
	};
	rootObject = 24F0A3CC2D86F67C004FC503 /* Project object */;
}
